#MicroXplorer Configuration settings - do not modify
ADC1.Channel-4\#ChannelRegularConversion=ADC_CHANNEL_13
ADC1.IPParameters=Rank-4\#ChannelRegularConversion,Channel-4\#ChannelRegularConversion,SamplingTime-4\#ChannelRegularConversion,OffsetNumber-4\#ChannelRegularConversion,NbrOfConversionFlag,master
ADC1.NbrOfConversionFlag=1
ADC1.OffsetNumber-4\#ChannelRegularConversion=ADC_OFFSET_NONE
ADC1.Rank-4\#ChannelRegularConversion=1
ADC1.SamplingTime-4\#ChannelRegularConversion=ADC_SAMPLETIME_2CYCLES_5
ADC1.master=1
File.Version=6
GPIO.groupedBy=Group By Peripherals
I2C1.IPParameters=Timing
I2C1.Timing=0x307075B1
I2C3.IPParameters=Timing
I2C3.Timing=0x307075B1
KeepUserPlacement=false
Mcu.CPN=STM32L4S5QII6
Mcu.Family=STM32L4
Mcu.IP0=ADC1
Mcu.IP1=FMC
Mcu.IP10=SYS
Mcu.IP11=USART1
Mcu.IP2=I2C1
Mcu.IP3=I2C3
Mcu.IP4=NVIC
Mcu.IP5=OCTOSPI1
Mcu.IP6=RCC
Mcu.IP7=SPI1
Mcu.IP8=SPI2
Mcu.IP9=SPI3
Mcu.IPNb=12
Mcu.Name=STM32L4S5QIIx
Mcu.Package=UFBGA132
Mcu.Pin0=PE3
Mcu.Pin1=PE1
Mcu.Pin10=PA13 (JTMS/SWDIO)
Mcu.Pin100=PB12
Mcu.Pin101=PA1
Mcu.Pin102=PB0
Mcu.Pin103=PB1
Mcu.Pin104=PE7
Mcu.Pin105=PE9
Mcu.Pin106=PE11
Mcu.Pin107=PE13
Mcu.Pin108=PE14
Mcu.Pin109=PE15
Mcu.Pin11=PA12
Mcu.Pin110=VP_OCTOSPI1_VS_quad
Mcu.Pin111=VP_SYS_VS_Systick
Mcu.Pin12=PE4
Mcu.Pin13=PE2
Mcu.Pin14=PB9
Mcu.Pin15=PB7
Mcu.Pin16=PB6
Mcu.Pin17=PD6
Mcu.Pin18=PD4
Mcu.Pin19=PD3
Mcu.Pin2=PB8
Mcu.Pin20=PD1
Mcu.Pin21=PC12
Mcu.Pin22=PC10
Mcu.Pin23=PA11
Mcu.Pin24=PC13
Mcu.Pin25=PE5
Mcu.Pin26=PE0
Mcu.Pin27=PB5
Mcu.Pin28=PG14
Mcu.Pin29=PG13
Mcu.Pin3=PH3-BOOT0
Mcu.Pin30=PD2
Mcu.Pin31=PD0
Mcu.Pin32=PC11
Mcu.Pin33=PA10
Mcu.Pin34=PC14-OSC32_IN (PC14)
Mcu.Pin35=PE6
Mcu.Pin36=PF2
Mcu.Pin37=PF1
Mcu.Pin38=PF0
Mcu.Pin39=PG12
Mcu.Pin4=PD7
Mcu.Pin40=PG10
Mcu.Pin41=PG9
Mcu.Pin42=PA9
Mcu.Pin43=PA8
Mcu.Pin44=PC9
Mcu.Pin45=PC15-OSC32_OUT (PC15)
Mcu.Pin46=PF3
Mcu.Pin47=PG5
Mcu.Pin48=PC8
Mcu.Pin49=PC7
Mcu.Pin5=PD5
Mcu.Pin50=PC6
Mcu.Pin51=PH0-OSC_IN (PH0)
Mcu.Pin52=PF4
Mcu.Pin53=PF5
Mcu.Pin54=PG3
Mcu.Pin55=PG4
Mcu.Pin56=PH1-OSC_OUT (PH1)
Mcu.Pin57=PG11
Mcu.Pin58=PG6
Mcu.Pin59=PG1
Mcu.Pin6=PB4 (NJTRST)
Mcu.Pin60=PG2
Mcu.Pin61=PC0
Mcu.Pin62=PG7
Mcu.Pin63=PG0
Mcu.Pin64=PD15
Mcu.Pin65=PD14
Mcu.Pin66=PD13
Mcu.Pin67=PC1
Mcu.Pin68=PC2
Mcu.Pin69=PA4
Mcu.Pin7=PB3 (JTDO/TRACESWO)
Mcu.Pin70=PA7
Mcu.Pin71=PG8
Mcu.Pin72=PF12
Mcu.Pin73=PF14
Mcu.Pin74=PF15
Mcu.Pin75=PD12
Mcu.Pin76=PD11
Mcu.Pin77=PD10
Mcu.Pin78=PG15
Mcu.Pin79=PC3
Mcu.Pin8=PA15 (JTDI)
Mcu.Pin80=PA2
Mcu.Pin81=PA5
Mcu.Pin82=PC4
Mcu.Pin83=PF11
Mcu.Pin84=PF13
Mcu.Pin85=PD9
Mcu.Pin86=PD8
Mcu.Pin87=PB15
Mcu.Pin88=PB14
Mcu.Pin89=PB13
Mcu.Pin9=PA14 (JTCK/SWCLK)
Mcu.Pin90=PA0
Mcu.Pin91=PA3
Mcu.Pin92=PA6
Mcu.Pin93=PC5
Mcu.Pin94=PB2
Mcu.Pin95=PE8
Mcu.Pin96=PE10
Mcu.Pin97=PE12
Mcu.Pin98=PB10
Mcu.Pin99=PB11
Mcu.PinsNb=112
Mcu.ThirdPartyNb=0
Mcu.UserConstants=
Mcu.UserName=STM32L4S5QIIx
MxCube.Version=6.5.0
MxDb.Version=DB.6.0.50
NVIC.BusFault_IRQn=true\:0\:0\:false\:false\:true\:false\:false\:false
NVIC.DebugMonitor_IRQn=true\:0\:0\:false\:false\:true\:false\:false\:false
NVIC.ForceEnableDMAVector=true
NVIC.HardFault_IRQn=true\:0\:0\:false\:false\:true\:false\:false\:false
NVIC.MemoryManagement_IRQn=true\:0\:0\:false\:false\:true\:false\:false\:false
NVIC.NonMaskableInt_IRQn=true\:0\:0\:false\:false\:true\:false\:false\:false
NVIC.PendSV_IRQn=true\:0\:0\:false\:false\:true\:false\:false\:false
NVIC.PriorityGroup=NVIC_PRIORITYGROUP_4
NVIC.SVCall_IRQn=true\:0\:0\:false\:false\:true\:false\:false\:false
NVIC.SysTick_IRQn=true\:0\:0\:false\:false\:true\:false\:true\:false
NVIC.UsageFault_IRQn=true\:0\:0\:false\:false\:true\:false\:false\:false
PA0.GPIOParameters=GPIO_Label
PA0.GPIO_Label=D01/TX
PA0.Locked=true
PA0.Signal=UART4_TX
PA1.GPIOParameters=GPIO_Label
PA1.GPIO_Label=D00/RX
PA1.Locked=true
PA1.Signal=UART4_RX
PA10.GPIOParameters=GPIO_Label
PA10.GPIO_Label=USB_UART_RX
PA10.Locked=true
PA10.Mode=Asynchronous
PA10.Signal=USART1_RX
PA11.GPIOParameters=GPIO_Label
PA11.GPIO_Label=EE_MISO
PA11.Locked=true
PA11.Mode=Full_Duplex_Master
PA11.Signal=SPI1_MISO
PA12.GPIOParameters=GPIO_Label
PA12.GPIO_Label=EE_MOSI
PA12.Locked=true
PA12.Mode=Full_Duplex_Master
PA12.Signal=SPI1_MOSI
PA13\ (JTMS/SWDIO).GPIOParameters=GPIO_Label
PA13\ (JTMS/SWDIO).GPIO_Label=JTAG_TMS/SWDIO
PA13\ (JTMS/SWDIO).Locked=true
PA13\ (JTMS/SWDIO).Mode=JTAG_5_pins
PA13\ (JTMS/SWDIO).Signal=SYS_JTMS-SWDIO
PA14\ (JTCK/SWCLK).GPIOParameters=GPIO_Label
PA14\ (JTCK/SWCLK).GPIO_Label=JTAG_TCK/SWCLK
PA14\ (JTCK/SWCLK).Locked=true
PA14\ (JTCK/SWCLK).Mode=JTAG_5_pins
PA14\ (JTCK/SWCLK).Signal=SYS_JTCK-SWCLK
PA15\ (JTDI).GPIOParameters=GPIO_Label
PA15\ (JTDI).GPIO_Label=JTAG_TDI
PA15\ (JTDI).Locked=true
PA15\ (JTDI).Mode=JTAG_5_pins
PA15\ (JTDI).Signal=SYS_JTDI
PA2.GPIOParameters=GPIO_Label
PA2.GPIO_Label=D02
PA2.Locked=true
PA2.Signal=GPIO_Output
PA3.GPIOParameters=GPIO_Label
PA3.GPIO_Label=EEQ_CLK
PA3.Locked=true
PA3.Mode=O1_P1_CLK
PA3.Signal=OCTOSPIM_P1_CLK
PA4.GPIOParameters=GPIO_Label
PA4.GPIO_Label=EE_CS_N
PA4.Locked=true
PA4.Mode=OCTOSPI1_Port1_NCS
PA4.Signal=OCTOSPIM_P1_NCS
PA5.GPIOParameters=GPIO_Label
PA5.GPIO_Label=EE_SCLK
PA5.Locked=true
PA5.Mode=Full_Duplex_Master
PA5.Signal=SPI1_SCK
PA6.GPIOParameters=GPIO_Label
PA6.GPIO_Label=EEQ_IO3
PA6.Locked=true
PA6.Mode=OCTOSPI1_IOL_Port1L
PA6.Signal=OCTOSPIM_P1_IO3
PA7.GPIOParameters=GPIO_Label
PA7.GPIO_Label=EEQ_IO2
PA7.Locked=true
PA7.Mode=OCTOSPI1_IOL_Port1L
PA7.Signal=OCTOSPIM_P1_IO2
PA8.GPIOParameters=GPIO_Label
PA8.GPIO_Label=T1L_LINK_ST
PA8.Locked=true
PA8.Signal=GPIO_Input
PA9.GPIOParameters=GPIO_Label
PA9.GPIO_Label=USB_UART_TX
PA9.Locked=true
PA9.Mode=Asynchronous
PA9.Signal=USART1_TX
PB0.GPIOParameters=GPIO_Label
PB0.GPIO_Label=EEQ_IO1
PB0.Locked=true
PB0.Mode=OCTOSPI1_IOL_Port1L
PB0.Signal=OCTOSPIM_P1_IO1
PB1.GPIOParameters=GPIO_Label
PB1.GPIO_Label=EEQ_IO0
PB1.Locked=true
PB1.Mode=OCTOSPI1_IOL_Port1L
PB1.Signal=OCTOSPIM_P1_IO0
PB10.GPIOParameters=GPIO_Label
PB10.GPIO_Label=T1L_TS_TIMER
PB10.Locked=true
PB10.Signal=GPXTI10
PB11.GPIOParameters=GPIO_Label
PB11.GPIO_Label=T1L_INT_N
PB11.Locked=true
PB11.Signal=GPXTI11
PB12.Locked=true
PB12.Signal=GPIO_Output
PB13.GPIOParameters=GPIO_Label
PB13.GPIO_Label=T1L_SCLK
PB13.Locked=true
PB13.Mode=Full_Duplex_Master
PB13.Signal=SPI2_SCK
PB14.GPIOParameters=GPIO_Label
PB14.GPIO_Label=T1L_MISO
PB14.Locked=true
PB14.Mode=Full_Duplex_Master
PB14.Signal=SPI2_MISO
PB15.GPIOParameters=GPIO_Label
PB15.GPIO_Label=T1L_MOSI
PB15.Locked=true
PB15.Mode=Full_Duplex_Master
PB15.Signal=SPI2_MOSI
PB2.GPIOParameters=GPIO_Label
PB2.GPIO_Label=CFG_uC0
PB2.Locked=true
PB2.Signal=GPIO_Input
PB3\ (JTDO/TRACESWO).GPIOParameters=GPIO_Label
PB3\ (JTDO/TRACESWO).GPIO_Label=JTAG_TDO/SWO
PB3\ (JTDO/TRACESWO).Locked=true
PB3\ (JTDO/TRACESWO).Mode=JTAG_5_pins
PB3\ (JTDO/TRACESWO).Signal=SYS_JTDO-SWO
PB4\ (NJTRST).GPIOParameters=GPIO_Label
PB4\ (NJTRST).GPIO_Label=JTAG_TRST
PB4\ (NJTRST).Locked=true
PB4\ (NJTRST).Mode=JTAG_5_pins
PB4\ (NJTRST).Signal=SYS_JTRST
PB5.GPIOParameters=GPIO_Speed,GPIO_Label
PB5.GPIO_Label=D08
PB5.GPIO_Speed=GPIO_SPEED_FREQ_LOW
PB5.Locked=true
PB5.Signal=GPIO_Output
PB6.GPIOParameters=GPIO_Label
PB6.GPIO_Label=D09
PB6.Locked=true
PB6.Signal=GPIO_Output
PB7.GPIOParameters=GPIO_Label
PB7.GPIO_Label=D05
PB7.Locked=true
PB7.Signal=GPIO_Output
PB8.GPIOParameters=GPIO_Label
PB8.GPIO_Label=D06
PB8.Locked=true
PB8.Signal=GPIO_Output
PB9.GPIOParameters=GPIO_Label
PB9.GPIO_Label=D07
PB9.Locked=true
PB9.Signal=GPIO_Output
PC0.GPIOParameters=GPIO_Label
PC0.GPIO_Label=D14/A0
PC0.Locked=true
PC0.Signal=ADCx_IN1
PC1.GPIOParameters=GPIO_Label
PC1.GPIO_Label=D15/A1
PC1.Locked=true
PC1.Signal=ADCx_IN2
PC10.GPIOParameters=GPIO_Label
PC10.GPIO_Label=D13/SCLK
PC10.Locked=true
PC10.Mode=Full_Duplex_Master
PC10.Signal=SPI3_SCK
PC11.GPIOParameters=GPIO_Label
PC11.GPIO_Label=D12/MISO/RX
PC11.Locked=true
PC11.Mode=Full_Duplex_Master
PC11.Signal=SPI3_MISO
PC12.GPIOParameters=GPIO_Label
PC12.GPIO_Label=D11/MOSI
PC12.Locked=true
PC12.Mode=Full_Duplex_Master
PC12.Signal=SPI3_MOSI
PC13.GPIOParameters=GPIO_PuPd,GPIO_Label
PC13.GPIO_Label=LED_uC1
PC13.GPIO_PuPd=GPIO_PULLUP
PC13.Locked=true
PC13.Signal=GPIO_Output
PC14-OSC32_IN\ (PC14).GPIOParameters=GPIO_Label
PC14-OSC32_IN\ (PC14).GPIO_Label=uC_OSC32_IN
PC14-OSC32_IN\ (PC14).Locked=true
PC14-OSC32_IN\ (PC14).Mode=LSE-External-Oscillator
PC14-OSC32_IN\ (PC14).Signal=RCC_OSC32_IN
PC15-OSC32_OUT\ (PC15).GPIOParameters=GPIO_Label
PC15-OSC32_OUT\ (PC15).GPIO_Label=uC_OSC32_OUT
PC15-OSC32_OUT\ (PC15).Locked=true
PC15-OSC32_OUT\ (PC15).Mode=LSE-External-Oscillator
PC15-OSC32_OUT\ (PC15).Signal=RCC_OSC32_OUT
PC2.GPIOParameters=GPIO_Label
PC2.GPIO_Label=D16/A2
PC2.Locked=true
PC2.Signal=ADCx_IN3
PC3.GPIOParameters=GPIO_Label
PC3.GPIO_Label=D17/A3
PC3.Locked=true
PC3.Signal=ADCx_IN4
PC4.GPIOParameters=GPIO_Label
PC4.GPIO_Label=D18/A4
PC4.Locked=true
PC4.Signal=ADCx_IN13
PC5.GPIOParameters=GPIO_Label
PC5.GPIO_Label=D19/A5
PC5.Locked=true
PC5.Signal=ADCx_IN14
PC6.GPIOParameters=GPIO_Label
PC6.GPIO_Label=T1L_TS_CAPTURE
PC6.Locked=true
PC6.Signal=GPIO_Output
PC7.GPIOParameters=GPIO_Label
PC7.GPIO_Label=T1L_RESET_N
PC7.Locked=true
PC7.Signal=GPIO_Output
PC8.GPIOParameters=GPIO_Label
PC8.GPIO_Label=T1L_CFG0
PC8.Locked=true
PC8.Signal=GPIO_Input
PC9.GPIOParameters=GPIO_Label
PC9.GPIO_Label=T1L_CFG1
PC9.Locked=true
PC9.Signal=GPIO_Input
PD0.Signal=FMC_D2_DA2
PD1.Signal=FMC_D3_DA3
PD10.Signal=FMC_D15_DA15
PD11.Signal=FMC_A16_CLE
PD12.Signal=FMC_A17_ALE
PD13.Signal=FMC_A18
PD14.Signal=FMC_D0_DA0
PD15.Signal=FMC_D1_DA1
PD2.GPIOParameters=GPIO_Label
PD2.GPIO_Label=D03
PD2.Locked=true
PD2.Signal=GPIO_Output
PD3.GPIOParameters=GPIO_Label
PD3.GPIO_Label=RAM_octospi
PD3.Locked=true
PD3.Signal=OCTOSPIM_P2_NCS
PD4.Signal=FMC_NOE
PD5.Signal=FMC_NWE
PD6.GPIOParameters=GPIO_Label
PD6.GPIO_Label=D04
PD6.Locked=true
PD6.Signal=GPIO_Output
PD7.Mode=NorPsramChipSelect1_1
PD7.Signal=FMC_NE1
PD8.Signal=FMC_D13_DA13
PD9.Signal=FMC_D14_DA14
PE0.Signal=FMC_NBL0
PE1.Signal=FMC_NBL1
PE10.Signal=FMC_D7_DA7
PE11.Signal=FMC_D8_DA8
PE12.Signal=FMC_D9_DA9
PE13.Signal=FMC_D10_DA10
PE14.Signal=FMC_D11_DA11
PE15.Signal=FMC_D12_DA12
PE2.GPIOParameters=GPIO_Label
PE2.GPIO_Label=LED_uC2
PE2.Locked=true
PE2.Signal=GPIO_Output
PE3.Signal=FMC_A19
PE4.Signal=FMC_A20
PE5.Signal=FMC_A21
PE6.GPIOParameters=GPIO_Label
PE6.GPIO_Label=LED_uC3
PE6.Locked=true
PE6.Signal=GPIO_Output
PE7.Signal=FMC_D4_DA4
PE8.Signal=FMC_D5_DA5
PE9.Signal=FMC_D6_DA6
PF0.Signal=FMC_A0
PF1.Signal=FMC_A1
PF11.GPIOParameters=GPIO_Label
PF11.GPIO_Label=CFG_uC1
PF11.Locked=true
PF11.Signal=GPIO_Input
PF12.Signal=FMC_A6
PF13.Signal=FMC_A7
PF14.Signal=FMC_A8
PF15.Signal=FMC_A9
PF2.Signal=FMC_A2
PF3.Signal=FMC_A3
PF4.Signal=FMC_A4
PF5.Signal=FMC_A5
PG0.Signal=FMC_A10
PG1.Signal=FMC_A11
PG10.GPIOParameters=GPIO_Label
PG10.GPIO_Label=RAM_octospi
PG10.Locked=true
PG10.Signal=OCTOSPIM_P2_IO7
PG11.GPIOParameters=GPIO_Label
PG11.GPIO_Label=CFG_uC3
PG11.Locked=true
PG11.Signal=GPIO_Input
PG12.Locked=true
PG12.Signal=GPIO_Output
PG13.GPIOParameters=GPIO_Label,GPIO_Pu
PG13.GPIO_Label=D18/SDA
PG13.GPIO_Pu=GPIO_PULLUP
PG13.Locked=true
PG13.Mode=I2C
PG13.Signal=I2C1_SDA
PG14.GPIOParameters=GPIO_Label,GPIO_Pu
PG14.GPIO_Label=D19/SCL
PG14.GPIO_Pu=GPIO_PULLUP
PG14.Locked=true
PG14.Mode=I2C
PG14.Signal=I2C1_SCL
PG15.GPIOParameters=GPIO_Label
PG15.GPIO_Label=LED_uC4
PG15.Locked=true
PG15.Signal=GPIO_Output
PG2.Signal=FMC_A12
PG3.Signal=FMC_A13
PG4.Signal=FMC_A14
PG5.Signal=FMC_A15
PG6.GPIOParameters=GPIO_Label
PG6.GPIO_Label=CFG_uC2
PG6.Locked=true
PG6.Signal=GPIO_Input
PG7.GPIOParameters=GPIO_Label,GPIO_Pu
PG7.GPIO_Label=SENSOR_SCL
PG7.GPIO_Pu=GPIO_PULLUP
PG7.Locked=true
PG7.Mode=I2C
PG7.Signal=I2C3_SCL
PG8.GPIOParameters=GPIO_Label,GPIO_Pu
PG8.GPIO_Label=SENSOR_SDA
PG8.GPIO_Pu=GPIO_PULLUP
PG8.Locked=true
PG8.Mode=I2C
PG8.Signal=I2C3_SDA
PG9.GPIOParameters=GPIO_Label
PG9.GPIO_Label=RAM_ZZ
PG9.Locked=true
PG9.Signal=FMC_NE2
PH0-OSC_IN\ (PH0).GPIOParameters=GPIO_Label
PH0-OSC_IN\ (PH0).GPIO_Label=uC_OSC_IN
PH0-OSC_IN\ (PH0).Locked=true
PH0-OSC_IN\ (PH0).Mode=HSE-External-Oscillator
PH0-OSC_IN\ (PH0).Signal=RCC_OSC_IN
PH1-OSC_OUT\ (PH1).GPIOParameters=GPIO_Label
PH1-OSC_OUT\ (PH1).GPIO_Label=uC_OSC_OUT
PH1-OSC_OUT\ (PH1).Locked=true
PH1-OSC_OUT\ (PH1).Mode=HSE-External-Oscillator
PH1-OSC_OUT\ (PH1).Signal=RCC_OSC_OUT
PH3-BOOT0.GPIOParameters=GPIO_Label
PH3-BOOT0.GPIO_Label=uC_BOOT
PH3-BOOT0.Locked=true
PH3-BOOT0.Signal=GPIO_Input
PinOutPanel.CurrentBGAView=Top
PinOutPanel.RotationAngle=0
ProjectManager.AskForMigrate=true
ProjectManager.BackupPrevious=false
ProjectManager.CompilerOptimize=6
ProjectManager.ComputerToolchain=false
ProjectManager.CoupleFile=false
ProjectManager.CustomerFirmwarePackage=
ProjectManager.DefaultFWLocation=true
ProjectManager.DeletePrevious=true
ProjectManager.DeviceId=STM32L4S5QIIx
ProjectManager.FirmwarePackage=STM32Cube FW_L4 V1.17.2
ProjectManager.FreePins=false
ProjectManager.HalAssertFull=false
ProjectManager.HeapSize=0x200
ProjectManager.KeepUserCode=true
ProjectManager.LastFirmware=true
ProjectManager.LibraryCopy=1
ProjectManager.MainLocation=Core/Src
ProjectManager.NoMain=false
ProjectManager.PreviousToolchain=STM32CubeIDE
ProjectManager.ProjectBuild=false
ProjectManager.ProjectFileName=adin1110ebz.ioc
ProjectManager.ProjectName=adin1110ebz
ProjectManager.RegisterCallBack=
ProjectManager.StackSize=0x400
ProjectManager.TargetToolchain=STM32CubeIDE
ProjectManager.ToolChainLocation=
ProjectManager.UnderRoot=true
ProjectManager.functionlistsort=1-MX_GPIO_Init-GPIO-false-HAL-true,2-SystemClock_Config-RCC-false-HAL-false,3-MX_FMC_Init-FMC-false-HAL-true,4-MX_ADC1_Init-ADC1-false-HAL-true,5-MX_I2C1_Init-I2C1-false-HAL-true,6-MX_I2C3_Init-I2C3-false-HAL-true,7-MX_OCTOSPI1_Init-OCTOSPI1-false-HAL-true,8-MX_SPI1_Init-SPI1-false-HAL-true,9-MX_SPI2_Init-SPI2-false-HAL-true,10-MX_SPI3_Init-SPI3-false-HAL-true,11-MX_USART1_UART_Init-USART1-false-HAL-true
RCC.ADCFreq_Value=32000000
RCC.AHBFreq_Value=120000000
RCC.APB1Freq_Value=120000000
RCC.APB1TimFreq_Value=120000000
RCC.APB2Freq_Value=120000000
RCC.APB2TimFreq_Value=120000000
RCC.CRSFreq_Value=48000000
RCC.CortexFreq_Value=120000000
RCC.DFSDMAudioFreq_Value=4000000
RCC.DFSDMFreq_Value=120000000
RCC.FCLKCortexFreq_Value=120000000
RCC.FamilyName=M
RCC.HCLKFreq_Value=120000000
RCC.HSE_VALUE=48000000
RCC.HSI48_VALUE=48000000
RCC.HSI_VALUE=16000000
RCC.I2C1Freq_Value=120000000
RCC.I2C2Freq_Value=120000000
RCC.I2C3Freq_Value=120000000
RCC.I2C4Freq_Value=120000000
RCC.IPParameters=ADCFreq_Value,AHBFreq_Value,APB1Freq_Value,APB1TimFreq_Value,APB2Freq_Value,APB2TimFreq_Value,CRSFreq_Value,CortexFreq_Value,DFSDMAudioFreq_Value,DFSDMFreq_Value,FCLKCortexFreq_Value,FamilyName,HCLKFreq_Value,HSE_VALUE,HSI48_VALUE,HSI_VALUE,I2C1Freq_Value,I2C2Freq_Value,I2C3Freq_Value,I2C4Freq_Value,LCDTFTFreq_Value,LPTIM1Freq_Value,LPTIM2Freq_Value,LPUART1Freq_Value,LSCOPinFreq_Value,LSI_VALUE,MCO1PinFreq_Value,MSI_VALUE,OCTOSPIMFreq_Value,PLLN,PLLPoutputFreq_Value,PLLQoutputFreq_Value,PLLRCLKFreq_Value,PLLSAI1N,PLLSAI1PoutputFreq_Value,PLLSAI1QoutputFreq_Value,PLLSAI1RoutputFreq_Value,PLLSAI2PoutputFreq_Value,PLLSAI2QoutputFreq_Value,PLLSAI2RoutputFreq_Value,PWRFreq_Value,RNGFreq_Value,SAI1Freq_Value,SAI2Freq_Value,SDMMCFreq_Value,SYSCLKFreq_VALUE,SYSCLKSource,UART4Freq_Value,UART5Freq_Value,USART1Freq_Value,USART2Freq_Value,USART3Freq_Value,USBFreq_Value,VCOInput2Freq_Value,VCOInput3Freq_Value,VCOInputFreq_Value,VCOOutputFreq_Value,VCOSAI1OutputFreq_Value,VCOSAI2OutputFreq_Value
RCC.LCDTFTFreq_Value=8000000
RCC.LPTIM1Freq_Value=120000000
RCC.LPTIM2Freq_Value=120000000
RCC.LPUART1Freq_Value=120000000
RCC.LSCOPinFreq_Value=32000
RCC.LSI_VALUE=32000
RCC.MCO1PinFreq_Value=120000000
RCC.MSI_VALUE=4000000
RCC.OCTOSPIMFreq_Value=120000000
RCC.PLLN=60
RCC.PLLPoutputFreq_Value=120000000
RCC.PLLQoutputFreq_Value=120000000
RCC.PLLRCLKFreq_Value=120000000
RCC.PLLSAI1N=16
RCC.PLLSAI1PoutputFreq_Value=32000000
RCC.PLLSAI1QoutputFreq_Value=32000000
RCC.PLLSAI1RoutputFreq_Value=32000000
RCC.PLLSAI2PoutputFreq_Value=16000000
RCC.PLLSAI2QoutputFreq_Value=16000000
RCC.PLLSAI2RoutputFreq_Value=16000000
RCC.PWRFreq_Value=120000000
RCC.RNGFreq_Value=32000000
RCC.SAI1Freq_Value=32000000
RCC.SAI2Freq_Value=32000000
RCC.SDMMCFreq_Value=120000000
RCC.SYSCLKFreq_VALUE=120000000
RCC.SYSCLKSource=RCC_SYSCLKSOURCE_PLLCLK
RCC.UART4Freq_Value=120000000
RCC.UART5Freq_Value=120000000
RCC.USART1Freq_Value=120000000
RCC.USART2Freq_Value=120000000
RCC.USART3Freq_Value=120000000
RCC.USBFreq_Value=32000000
RCC.VCOInput2Freq_Value=4000000
RCC.VCOInput3Freq_Value=4000000
RCC.VCOInputFreq_Value=4000000
RCC.VCOOutputFreq_Value=240000000
RCC.VCOSAI1OutputFreq_Value=64000000
RCC.VCOSAI2OutputFreq_Value=32000000
SH.ADCx_IN1.0=ADC1_IN1,IN1-Single-Ended
SH.ADCx_IN1.ConfNb=1
SH.ADCx_IN13.0=ADC1_IN13,IN13-Single-Ended
SH.ADCx_IN13.ConfNb=1
SH.ADCx_IN14.0=ADC1_IN14,IN14-Single-Ended
SH.ADCx_IN14.ConfNb=1
SH.ADCx_IN2.0=ADC1_IN2,IN2-Single-Ended
SH.ADCx_IN2.ConfNb=1
SH.ADCx_IN3.0=ADC1_IN3,IN3-Single-Ended
SH.ADCx_IN3.ConfNb=1
SH.ADCx_IN4.0=ADC1_IN4,IN4-Single-Ended
SH.ADCx_IN4.ConfNb=1
SH.FMC_A0.0=FMC_A0,22b-a1
SH.FMC_A0.ConfNb=1
SH.FMC_A1.0=FMC_A1,22b-a1
SH.FMC_A1.ConfNb=1
SH.FMC_A10.0=FMC_A10,22b-a1
SH.FMC_A10.ConfNb=1
SH.FMC_A11.0=FMC_A11,22b-a1
SH.FMC_A11.ConfNb=1
SH.FMC_A12.0=FMC_A12,22b-a1
SH.FMC_A12.ConfNb=1
SH.FMC_A13.0=FMC_A13,22b-a1
SH.FMC_A13.ConfNb=1
SH.FMC_A14.0=FMC_A14,22b-a1
SH.FMC_A14.ConfNb=1
SH.FMC_A15.0=FMC_A15,22b-a1
SH.FMC_A15.ConfNb=1
SH.FMC_A16_CLE.0=FMC_A16,22b-a1
SH.FMC_A16_CLE.ConfNb=1
SH.FMC_A17_ALE.0=FMC_A17,22b-a1
SH.FMC_A17_ALE.ConfNb=1
SH.FMC_A18.0=FMC_A18,22b-a1
SH.FMC_A18.ConfNb=1
SH.FMC_A19.0=FMC_A19,22b-a1
SH.FMC_A19.ConfNb=1
SH.FMC_A2.0=FMC_A2,22b-a1
SH.FMC_A2.ConfNb=1
SH.FMC_A20.0=FMC_A20,22b-a1
SH.FMC_A20.ConfNb=1
SH.FMC_A21.0=FMC_A21,22b-a1
SH.FMC_A21.ConfNb=1
SH.FMC_A3.0=FMC_A3,22b-a1
SH.FMC_A3.ConfNb=1
SH.FMC_A4.0=FMC_A4,22b-a1
SH.FMC_A4.ConfNb=1
SH.FMC_A5.0=FMC_A5,22b-a1
SH.FMC_A5.ConfNb=1
SH.FMC_A6.0=FMC_A6,22b-a1
SH.FMC_A6.ConfNb=1
SH.FMC_A7.0=FMC_A7,22b-a1
SH.FMC_A7.ConfNb=1
SH.FMC_A8.0=FMC_A8,22b-a1
SH.FMC_A8.ConfNb=1
SH.FMC_A9.0=FMC_A9,22b-a1
SH.FMC_A9.ConfNb=1
SH.FMC_D0_DA0.0=FMC_D0,16b-d1
SH.FMC_D0_DA0.ConfNb=1
SH.FMC_D10_DA10.0=FMC_D10,16b-d1
SH.FMC_D10_DA10.ConfNb=1
SH.FMC_D11_DA11.0=FMC_D11,16b-d1
SH.FMC_D11_DA11.ConfNb=1
SH.FMC_D12_DA12.0=FMC_D12,16b-d1
SH.FMC_D12_DA12.ConfNb=1
SH.FMC_D13_DA13.0=FMC_D13,16b-d1
SH.FMC_D13_DA13.ConfNb=1
SH.FMC_D14_DA14.0=FMC_D14,16b-d1
SH.FMC_D14_DA14.ConfNb=1
SH.FMC_D15_DA15.0=FMC_D15,16b-d1
SH.FMC_D15_DA15.ConfNb=1
SH.FMC_D1_DA1.0=FMC_D1,16b-d1
SH.FMC_D1_DA1.ConfNb=1
SH.FMC_D2_DA2.0=FMC_D2,16b-d1
SH.FMC_D2_DA2.ConfNb=1
SH.FMC_D3_DA3.0=FMC_D3,16b-d1
SH.FMC_D3_DA3.ConfNb=1
SH.FMC_D4_DA4.0=FMC_D4,16b-d1
SH.FMC_D4_DA4.ConfNb=1
SH.FMC_D5_DA5.0=FMC_D5,16b-d1
SH.FMC_D5_DA5.ConfNb=1
SH.FMC_D6_DA6.0=FMC_D6,16b-d1
SH.FMC_D6_DA6.ConfNb=1
SH.FMC_D7_DA7.0=FMC_D7,16b-d1
SH.FMC_D7_DA7.ConfNb=1
SH.FMC_D8_DA8.0=FMC_D8,16b-d1
SH.FMC_D8_DA8.ConfNb=1
SH.FMC_D9_DA9.0=FMC_D9,16b-d1
SH.FMC_D9_DA9.ConfNb=1
SH.FMC_NBL0.0=FMC_NBL0,2ByteEnable1
SH.FMC_NBL0.ConfNb=1
SH.FMC_NBL1.0=FMC_NBL1,2ByteEnable1
SH.FMC_NBL1.ConfNb=1
SH.FMC_NOE.0=FMC_NOE,Psram1
SH.FMC_NOE.ConfNb=1
SH.FMC_NWE.0=FMC_NWE,Psram1
SH.FMC_NWE.ConfNb=1
SH.GPXTI10.0=GPIO_EXTI10
SH.GPXTI10.ConfNb=1
SH.GPXTI11.0=GPIO_EXTI11
SH.GPXTI11.ConfNb=1
SPI1.CalculateBaudRate=60.0 MBits/s
SPI1.Direction=SPI_DIRECTION_2LINES
SPI1.IPParameters=VirtualType,Mode,Direction,CalculateBaudRate
SPI1.Mode=SPI_MODE_MASTER
SPI1.VirtualType=VM_MASTER
SPI2.CalculateBaudRate=60.0 MBits/s
SPI2.Direction=SPI_DIRECTION_2LINES
SPI2.IPParameters=VirtualType,Mode,Direction,CalculateBaudRate
SPI2.Mode=SPI_MODE_MASTER
SPI2.VirtualType=VM_MASTER
SPI3.CalculateBaudRate=60.0 MBits/s
SPI3.Direction=SPI_DIRECTION_2LINES
SPI3.IPParameters=VirtualType,Mode,Direction,CalculateBaudRate
SPI3.Mode=SPI_MODE_MASTER
SPI3.VirtualType=VM_MASTER
USART1.IPParameters=VirtualMode-Asynchronous
USART1.VirtualMode-Asynchronous=VM_ASYNC
VP_OCTOSPI1_VS_quad.Mode=quad_mode
VP_OCTOSPI1_VS_quad.Signal=OCTOSPI1_VS_quad
VP_SYS_VS_Systick.Mode=SysTick
VP_SYS_VS_Systick.Signal=SYS_VS_Systick
board=custom
